// !$*UTF8*$!
{
	archiveVersion = 1;
	classes = {
	};
	objectVersion = 56;
	objects = {

/* Begin PBXBuildFile section */
		095960022A407D3A00C0C1BC /* GStreamerSwiftUIDemoApp.swift in Sources */ = {isa = PBXBuildFile; fileRef = 095960012A407D3A00C0C1BC /* GStreamerSwiftUIDemoApp.swift */; };
		095960042A407D3A00C0C1BC /* MainView.swift in Sources */ = {isa = PBXBuildFile; fileRef = 095960032A407D3A00C0C1BC /* MainView.swift */; };
		095960062A407D3A00C0C1BC /* Assets.xcassets in Resources */ = {isa = PBXBuildFile; fileRef = 095960052A407D3A00C0C1BC /* Assets.xcassets */; };
		095960092A407D3A00C0C1BC /* Preview Assets.xcassets in Resources */ = {isa = PBXBuildFile; fileRef = 095960082A407D3A00C0C1BC /* Preview Assets.xcassets */; };
		095960112A407E6E00C0C1BC /* GStreamer.framework in Frameworks */ = {isa = PBXBuildFile; fileRef = 095960102A407E6E00C0C1BC /* GStreamer.framework */; };
		095960132A407EDD00C0C1BC /* libiconv.2.4.0.tbd in Frameworks */ = {isa = PBXBuildFile; fileRef = 095960122A407EDD00C0C1BC /* libiconv.2.4.0.tbd */; };
		095960152A407EE700C0C1BC /* VideoToolbox.framework in Frameworks */ = {isa = PBXBuildFile; fileRef = 095960142A407EE700C0C1BC /* VideoToolbox.framework */; };
		095960172A407EF100C0C1BC /* libc++.1.tbd in Frameworks */ = {isa = PBXBuildFile; fileRef = 095960162A407EF100C0C1BC /* libc++.1.tbd */; };
		0959601B2A4086D500C0C1BC /* gst_ios_init.m in Sources */ = {isa = PBXBuildFile; fileRef = 0959601A2A4086D500C0C1BC /* gst_ios_init.m */; };
		0959601F2A40D67000C0C1BC /* AVFoundation.framework in Frameworks */ = {isa = PBXBuildFile; fileRef = 0959601E2A40D67000C0C1BC /* AVFoundation.framework */; };
		095960212A40D69400C0C1BC /* AudioToolbox.framework in Frameworks */ = {isa = PBXBuildFile; fileRef = 095960202A40D69400C0C1BC /* AudioToolbox.framework */; };
		095960232A40D6D300C0C1BC /* libcmph.tbd in Frameworks */ = {isa = PBXBuildFile; fileRef = 095960222A40D6D300C0C1BC /* libcmph.tbd */; };
		095960262A40EAFF00C0C1BC /* GStreamerBackend.m in Sources */ = {isa = PBXBuildFile; fileRef = 095960252A40EAFF00C0C1BC /* GStreamerBackend.m */; };
		095960282A40EB7100C0C1BC /* GStreamerBackendProtocol.swift in Sources */ = {isa = PBXBuildFile; fileRef = 095960272A40EB7100C0C1BC /* GStreamerBackendProtocol.swift */; };
		0959602A2A40EB9400C0C1BC /* CameraView.swift in Sources */ = {isa = PBXBuildFile; fileRef = 095960292A40EB9400C0C1BC /* CameraView.swift */; };
		0959602C2A40EBBE00C0C1BC /* CameraViewController.swift in Sources */ = {isa = PBXBuildFile; fileRef = 0959602B2A40EBBE00C0C1BC /* CameraViewController.swift */; };
/* End PBXBuildFile section */

/* Begin PBXFileReference section */
		09595FFE2A407D3A00C0C1BC /* GStreamerSwiftUIDemo.app */ = {isa = PBXFileReference; explicitFileType = wrapper.application; includeInIndex = 0; path = GStreamerSwiftUIDemo.app; sourceTree = BUILT_PRODUCTS_DIR; };
		095960012A407D3A00C0C1BC /* GStreamerSwiftUIDemoApp.swift */ = {isa = PBXFileReference; lastKnownFileType = sourcecode.swift; path = GStreamerSwiftUIDemoApp.swift; sourceTree = "<group>"; };
		095960032A407D3A00C0C1BC /* MainView.swift */ = {isa = PBXFileReference; lastKnownFileType = sourcecode.swift; path = MainView.swift; sourceTree = "<group>"; };
		095960052A407D3A00C0C1BC /* Assets.xcassets */ = {isa = PBXFileReference; lastKnownFileType = folder.assetcatalog; path = Assets.xcassets; sourceTree = "<group>"; };
		095960082A407D3A00C0C1BC /* Preview Assets.xcassets */ = {isa = PBXFileReference; lastKnownFileType = folder.assetcatalog; path = "Preview Assets.xcassets"; sourceTree = "<group>"; };
		095960102A407E6E00C0C1BC /* GStreamer.framework */ = {isa = PBXFileReference; lastKnownFileType = wrapper.framework; name = GStreamer.framework; path = ../../Library/Developer/GStreamer/iPhone.sdk/GStreamer.framework; sourceTree = "<group>"; };
		095960122A407EDD00C0C1BC /* libiconv.2.4.0.tbd */ = {isa = PBXFileReference; lastKnownFileType = "sourcecode.text-based-dylib-definition"; name = libiconv.2.4.0.tbd; path = usr/lib/libiconv.2.4.0.tbd; sourceTree = SDKROOT; };
		095960142A407EE700C0C1BC /* VideoToolbox.framework */ = {isa = PBXFileReference; lastKnownFileType = wrapper.framework; name = VideoToolbox.framework; path = System/Library/Frameworks/VideoToolbox.framework; sourceTree = SDKROOT; };
		095960162A407EF100C0C1BC /* libc++.1.tbd */ = {isa = PBXFileReference; lastKnownFileType = "sourcecode.text-based-dylib-definition"; name = "libc++.1.tbd"; path = "usr/lib/libc++.1.tbd"; sourceTree = SDKROOT; };
		095960182A4086D400C0C1BC /* GStreamerSwiftUIDemo-Bridging-Header.h */ = {isa = PBXFileReference; lastKnownFileType = sourcecode.c.h; path = "GStreamerSwiftUIDemo-Bridging-Header.h"; sourceTree = "<group>"; };
		095960192A4086D500C0C1BC /* gst_ios_init.h */ = {isa = PBXFileReference; lastKnownFileType = sourcecode.c.h; path = gst_ios_init.h; sourceTree = "<group>"; };
		0959601A2A4086D500C0C1BC /* gst_ios_init.m */ = {isa = PBXFileReference; lastKnownFileType = sourcecode.c.objc; path = gst_ios_init.m; sourceTree = "<group>"; };
		0959601E2A40D67000C0C1BC /* AVFoundation.framework */ = {isa = PBXFileReference; lastKnownFileType = wrapper.framework; name = AVFoundation.framework; path = System/Library/Frameworks/AVFoundation.framework; sourceTree = SDKROOT; };
		095960202A40D69400C0C1BC /* AudioToolbox.framework */ = {isa = PBXFileReference; lastKnownFileType = wrapper.framework; name = AudioToolbox.framework; path = System/Library/Frameworks/AudioToolbox.framework; sourceTree = SDKROOT; };
		095960222A40D6D300C0C1BC /* libcmph.tbd */ = {isa = PBXFileReference; lastKnownFileType = "sourcecode.text-based-dylib-definition"; name = libcmph.tbd; path = usr/lib/libcmph.tbd; sourceTree = SDKROOT; };
		095960242A40EAFF00C0C1BC /* GStreamerBackend.h */ = {isa = PBXFileReference; lastKnownFileType = sourcecode.c.h; path = GStreamerBackend.h; sourceTree = "<group>"; };
		095960252A40EAFF00C0C1BC /* GStreamerBackend.m */ = {isa = PBXFileReference; lastKnownFileType = sourcecode.c.objc; path = GStreamerBackend.m; sourceTree = "<group>"; };
		095960272A40EB7100C0C1BC /* GStreamerBackendProtocol.swift */ = {isa = PBXFileReference; lastKnownFileType = sourcecode.swift; path = GStreamerBackendProtocol.swift; sourceTree = "<group>"; };
		095960292A40EB9400C0C1BC /* CameraView.swift */ = {isa = PBXFileReference; lastKnownFileType = sourcecode.swift; path = CameraView.swift; sourceTree = "<group>"; };
		0959602B2A40EBBE00C0C1BC /* CameraViewController.swift */ = {isa = PBXFileReference; lastKnownFileType = sourcecode.swift; path = CameraViewController.swift; sourceTree = "<group>"; };
/* End PBXFileReference section */

/* Begin PBXFrameworksBuildPhase section */
		09595FFB2A407D3A00C0C1BC /* Frameworks */ = {
			isa = PBXFrameworksBuildPhase;
			buildActionMask = 2147483647;
			files = (
				095960232A40D6D300C0C1BC /* libcmph.tbd in Frameworks */,
				095960212A40D69400C0C1BC /* AudioToolbox.framework in Frameworks */,
				0959601F2A40D67000C0C1BC /* AVFoundation.framework in Frameworks */,
				095960172A407EF100C0C1BC /* libc++.1.tbd in Frameworks */,
				095960152A407EE700C0C1BC /* VideoToolbox.framework in Frameworks */,
				095960132A407EDD00C0C1BC /* libiconv.2.4.0.tbd in Frameworks */,
				095960112A407E6E00C0C1BC /* GStreamer.framework in Frameworks */,
			);
			runOnlyForDeploymentPostprocessing = 0;
		};
/* End PBXFrameworksBuildPhase section */

/* Begin PBXGroup section */
		09595FF52A407D3A00C0C1BC = {
			isa = PBXGroup;
			children = (
				095960002A407D3A00C0C1BC /* GStreamerSwiftUIDemo */,
				09595FFF2A407D3A00C0C1BC /* Products */,
				0959600F2A407E6E00C0C1BC /* Frameworks */,
			);
			sourceTree = "<group>";
		};
		09595FFF2A407D3A00C0C1BC /* Products */ = {
			isa = PBXGroup;
			children = (
				09595FFE2A407D3A00C0C1BC /* GStreamerSwiftUIDemo.app */,
			);
			name = Products;
			sourceTree = "<group>";
		};
		095960002A407D3A00C0C1BC /* GStreamerSwiftUIDemo */ = {
			isa = PBXGroup;
			children = (
				095960012A407D3A00C0C1BC /* GStreamerSwiftUIDemoApp.swift */,
				095960242A40EAFF00C0C1BC /* GStreamerBackend.h */,
				095960252A40EAFF00C0C1BC /* GStreamerBackend.m */,
				095960032A407D3A00C0C1BC /* MainView.swift */,
				095960052A407D3A00C0C1BC /* Assets.xcassets */,
				095960072A407D3A00C0C1BC /* Preview Content */,
				095960192A4086D500C0C1BC /* gst_ios_init.h */,
				0959601A2A4086D500C0C1BC /* gst_ios_init.m */,
				095960182A4086D400C0C1BC /* GStreamerSwiftUIDemo-Bridging-Header.h */,
				095960272A40EB7100C0C1BC /* GStreamerBackendProtocol.swift */,
				095960292A40EB9400C0C1BC /* CameraView.swift */,
				0959602B2A40EBBE00C0C1BC /* CameraViewController.swift */,
			);
			path = GStreamerSwiftUIDemo;
			sourceTree = "<group>";
		};
		095960072A407D3A00C0C1BC /* Preview Content */ = {
			isa = PBXGroup;
			children = (
				095960082A407D3A00C0C1BC /* Preview Assets.xcassets */,
			);
			path = "Preview Content";
			sourceTree = "<group>";
		};
		0959600F2A407E6E00C0C1BC /* Frameworks */ = {
			isa = PBXGroup;
			children = (
				095960222A40D6D300C0C1BC /* libcmph.tbd */,
				095960202A40D69400C0C1BC /* AudioToolbox.framework */,
				0959601E2A40D67000C0C1BC /* AVFoundation.framework */,
				095960162A407EF100C0C1BC /* libc++.1.tbd */,
				095960142A407EE700C0C1BC /* VideoToolbox.framework */,
				095960122A407EDD00C0C1BC /* libiconv.2.4.0.tbd */,
				095960102A407E6E00C0C1BC /* GStreamer.framework */,
			);
			name = Frameworks;
			sourceTree = "<group>";
		};
/* End PBXGroup section */

/* Begin PBXNativeTarget section */
		09595FFD2A407D3A00C0C1BC /* GStreamerSwiftUIDemo */ = {
			isa = PBXNativeTarget;
			buildConfigurationList = 0959600C2A407D3A00C0C1BC /* Build configuration list for PBXNativeTarget "GStreamerSwiftUIDemo" */;
			buildPhases = (
				09595FFA2A407D3A00C0C1BC /* Sources */,
				09595FFB2A407D3A00C0C1BC /* Frameworks */,
				09595FFC2A407D3A00C0C1BC /* Resources */,
			);
			buildRules = (
			);
			dependencies = (
			);
			name = GStreamerSwiftUIDemo;
			productName = GStreamerSwiftUIDemo;
			productReference = 09595FFE2A407D3A00C0C1BC /* GStreamerSwiftUIDemo.app */;
			productType = "com.apple.product-type.application";
		};
/* End PBXNativeTarget section */

/* Begin PBXProject section */
		09595FF62A407D3A00C0C1BC /* Project object */ = {
			isa = PBXProject;
			attributes = {
				BuildIndependentTargetsInParallel = 1;
				LastSwiftUpdateCheck = 1430;
				LastUpgradeCheck = 1430;
				TargetAttributes = {
					09595FFD2A407D3A00C0C1BC = {
						CreatedOnToolsVersion = 14.3.1;
						LastSwiftMigration = 1430;
					};
				};
			};
			buildConfigurationList = 09595FF92A407D3A00C0C1BC /* Build configuration list for PBXProject "GStreamerSwiftUIDemo" */;
			compatibilityVersion = "Xcode 14.0";
			developmentRegion = en;
			hasScannedForEncodings = 0;
			knownRegions = (
				en,
				Base,
			);
			mainGroup = 09595FF52A407D3A00C0C1BC;
			productRefGroup = 09595FFF2A407D3A00C0C1BC /* Products */;
			projectDirPath = "";
			projectRoot = "";
			targets = (
				09595FFD2A407D3A00C0C1BC /* GStreamerSwiftUIDemo */,
			);
		};
/* End PBXProject section */

/* Begin PBXResourcesBuildPhase section */
		09595FFC2A407D3A00C0C1BC /* Resources */ = {
			isa = PBXResourcesBuildPhase;
			buildActionMask = 2147483647;
			files = (
				095960092A407D3A00C0C1BC /* Preview Assets.xcassets in Resources */,
				095960062A407D3A00C0C1BC /* Assets.xcassets in Resources */,
			);
			runOnlyForDeploymentPostprocessing = 0;
		};
/* End PBXResourcesBuildPhase section */

/* Begin PBXSourcesBuildPhase section */
		09595FFA2A407D3A00C0C1BC /* Sources */ = {
			isa = PBXSourcesBuildPhase;
			buildActionMask = 2147483647;
			files = (
				0959601B2A4086D500C0C1BC /* gst_ios_init.m in Sources */,
				095960262A40EAFF00C0C1BC /* GStreamerBackend.m in Sources */,
				095960042A407D3A00C0C1BC /* MainView.swift in Sources */,
				0959602A2A40EB9400C0C1BC /* CameraView.swift in Sources */,
				0959602C2A40EBBE00C0C1BC /* CameraViewController.swift in Sources */,
				095960282A40EB7100C0C1BC /* GStreamerBackendProtocol.swift in Sources */,
				095960022A407D3A00C0C1BC /* GStreamerSwiftUIDemoApp.swift in Sources */,
			);
			runOnlyForDeploymentPostprocessing = 0;
		};
/* End PBXSourcesBuildPhase section */

/* Begin XCBuildConfiguration section */
		0959600A2A407D3A00C0C1BC /* Debug */ = {
			isa = XCBuildConfiguration;
			buildSettings = {
				ALWAYS_SEARCH_USER_PATHS = NO;
				CLANG_ANALYZER_NONNULL = YES;
				CLANG_ANALYZER_NUMBER_OBJECT_CONVERSION = YES_AGGRESSIVE;
				CLANG_CXX_LANGUAGE_STANDARD = "gnu++20";
				CLANG_ENABLE_MODULES = YES;
				CLANG_ENABLE_OBJC_ARC = YES;
				CLANG_ENABLE_OBJC_WEAK = YES;
				CLANG_WARN_BLOCK_CAPTURE_AUTORELEASING = YES;
				CLANG_WARN_BOOL_CONVERSION = YES;
				CLANG_WARN_COMMA = YES;
				CLANG_WARN_CONSTANT_CONVERSION = YES;
				CLANG_WARN_DEPRECATED_OBJC_IMPLEMENTATIONS = YES;
				CLANG_WARN_DIRECT_OBJC_ISA_USAGE = YES_ERROR;
				CLANG_WARN_DOCUMENTATION_COMMENTS = YES;
				CLANG_WARN_EMPTY_BODY = YES;
				CLANG_WARN_ENUM_CONVERSION = YES;
				CLANG_WARN_INFINITE_RECURSION = YES;
				CLANG_WARN_INT_CONVERSION = YES;
				CLANG_WARN_NON_LITERAL_NULL_CONVERSION = YES;
				CLANG_WARN_OBJC_IMPLICIT_RETAIN_SELF = YES;
				CLANG_WARN_OBJC_LITERAL_CONVERSION = YES;
				CLANG_WARN_OBJC_ROOT_CLASS = YES_ERROR;
				CLANG_WARN_QUOTED_INCLUDE_IN_FRAMEWORK_HEADER = YES;
				CLANG_WARN_RANGE_LOOP_ANALYSIS = YES;
				CLANG_WARN_STRICT_PROTOTYPES = YES;
				CLANG_WARN_SUSPICIOUS_MOVE = YES;
				CLANG_WARN_UNGUARDED_AVAILABILITY = YES_AGGRESSIVE;
				CLANG_WARN_UNREACHABLE_CODE = YES;
				CLANG_WARN__DUPLICATE_METHOD_MATCH = YES;
				COPY_PHASE_STRIP = NO;
				DEBUG_INFORMATION_FORMAT = dwarf;
				ENABLE_STRICT_OBJC_MSGSEND = YES;
				ENABLE_TESTABILITY = YES;
				EXCLUDED_ARCHS = arm64;
				FRAMEWORK_SEARCH_PATHS = /Users/raktimbora/Library/Developer/GStreamer/iPhone.sdk/;
				GCC_C_LANGUAGE_STANDARD = gnu11;
				GCC_DYNAMIC_NO_PIC = NO;
				GCC_NO_COMMON_BLOCKS = YES;
				GCC_OPTIMIZATION_LEVEL = 0;
				GCC_PREPROCESSOR_DEFINITIONS = (
					"DEBUG=1",
					"$(inherited)",
				);
				GCC_WARN_64_TO_32_BIT_CONVERSION = YES;
				GCC_WARN_ABOUT_RETURN_TYPE = YES_ERROR;
				GCC_WARN_UNDECLARED_SELECTOR = YES;
				GCC_WARN_UNINITIALIZED_AUTOS = YES_AGGRESSIVE;
				GCC_WARN_UNUSED_FUNCTION = YES;
				GCC_WARN_UNUSED_VARIABLE = YES;
				HEADER_SEARCH_PATHS = "";
				IPHONEOS_DEPLOYMENT_TARGET = 16.4;
				MTL_ENABLE_DEBUG_INFO = INCLUDE_SOURCE;
				MTL_FAST_MATH = YES;
				ONLY_ACTIVE_ARCH = YES;
				SDKROOT = iphoneos;
				SWIFT_ACTIVE_COMPILATION_CONDITIONS = DEBUG;
				SWIFT_OPTIMIZATION_LEVEL = "-Onone";
			};
			name = Debug;
		};
		0959600B2A407D3A00C0C1BC /* Release */ = {
			isa = XCBuildConfiguration;
			buildSettings = {
				ALWAYS_SEARCH_USER_PATHS = NO;
				CLANG_ANALYZER_NONNULL = YES;
				CLANG_ANALYZER_NUMBER_OBJECT_CONVERSION = YES_AGGRESSIVE;
				CLANG_CXX_LANGUAGE_STANDARD = "gnu++20";
				CLANG_ENABLE_MODULES = YES;
				CLANG_ENABLE_OBJC_ARC = YES;
				CLANG_ENABLE_OBJC_WEAK = YES;
				CLANG_WARN_BLOCK_CAPTURE_AUTORELEASING = YES;
				CLANG_WARN_BOOL_CONVERSION = YES;
				CLANG_WARN_COMMA = YES;
				CLANG_WARN_CONSTANT_CONVERSION = YES;
				CLANG_WARN_DEPRECATED_OBJC_IMPLEMENTATIONS = YES;
				CLANG_WARN_DIRECT_OBJC_ISA_USAGE = YES_ERROR;
				CLANG_WARN_DOCUMENTATION_COMMENTS = YES;
				CLANG_WARN_EMPTY_BODY = YES;
				CLANG_WARN_ENUM_CONVERSION = YES;
				CLANG_WARN_INFINITE_RECURSION = YES;
				CLANG_WARN_INT_CONVERSION = YES;
				CLANG_WARN_NON_LITERAL_NULL_CONVERSION = YES;
				CLANG_WARN_OBJC_IMPLICIT_RETAIN_SELF = YES;
				CLANG_WARN_OBJC_LITERAL_CONVERSION = YES;
				CLANG_WARN_OBJC_ROOT_CLASS = YES_ERROR;
				CLANG_WARN_QUOTED_INCLUDE_IN_FRAMEWORK_HEADER = YES;
				CLANG_WARN_RANGE_LOOP_ANALYSIS = YES;
				CLANG_WARN_STRICT_PROTOTYPES = YES;
				CLANG_WARN_SUSPICIOUS_MOVE = YES;
				CLANG_WARN_UNGUARDED_AVAILABILITY = YES_AGGRESSIVE;
				CLANG_WARN_UNREACHABLE_CODE = YES;
				CLANG_WARN__DUPLICATE_METHOD_MATCH = YES;
				COPY_PHASE_STRIP = NO;
				DEBUG_INFORMATION_FORMAT = "dwarf-with-dsym";
				ENABLE_NS_ASSERTIONS = NO;
				ENABLE_STRICT_OBJC_MSGSEND = YES;
				EXCLUDED_ARCHS = arm64;
				FRAMEWORK_SEARCH_PATHS = /Users/raktimbora/Library/Developer/GStreamer/iPhone.sdk/;
				GCC_C_LANGUAGE_STANDARD = gnu11;
				GCC_NO_COMMON_BLOCKS = YES;
				GCC_WARN_64_TO_32_BIT_CONVERSION = YES;
				GCC_WARN_ABOUT_RETURN_TYPE = YES_ERROR;
				GCC_WARN_UNDECLARED_SELECTOR = YES;
				GCC_WARN_UNINITIALIZED_AUTOS = YES_AGGRESSIVE;
				GCC_WARN_UNUSED_FUNCTION = YES;
				GCC_WARN_UNUSED_VARIABLE = YES;
				HEADER_SEARCH_PATHS = "";
				IPHONEOS_DEPLOYMENT_TARGET = 16.4;
				MTL_ENABLE_DEBUG_INFO = NO;
				MTL_FAST_MATH = YES;
				SDKROOT = iphoneos;
				SWIFT_COMPILATION_MODE = wholemodule;
				SWIFT_OPTIMIZATION_LEVEL = "-O";
				VALIDATE_PRODUCT = YES;
			};
			name = Release;
		};
		0959600D2A407D3A00C0C1BC /* Debug */ = {
			isa = XCBuildConfiguration;
			buildSettings = {
				ASSETCATALOG_COMPILER_APPICON_NAME = AppIcon;
				ASSETCATALOG_COMPILER_GLOBAL_ACCENT_COLOR_NAME = AccentColor;
				CLANG_ENABLE_MODULES = YES;
				CLANG_WARN_DOCUMENTATION_COMMENTS = NO;
				CODE_SIGN_STYLE = Automatic;
				CURRENT_PROJECT_VERSION = 1;
				DEVELOPMENT_ASSET_PATHS = "\"GStreamerSwiftUIDemo/Preview Content\"";
				DEVELOPMENT_TEAM = 58N3QYAX7K;
				ENABLE_PREVIEWS = YES;
				FRAMEWORK_SEARCH_PATHS = "${HOME}/Library/Developer/GStreamer/iPhone.sdk/";
				GENERATE_INFOPLIST_FILE = YES;
				HEADER_SEARCH_PATHS = "/Users/raktimbora/Library/Developer/GStreamer/iPhone.sdk/GStreamer.framework/Headers/**";
				INFOPLIST_KEY_UIApplicationSceneManifest_Generation = YES;
				INFOPLIST_KEY_UIApplicationSupportsIndirectInputEvents = YES;
				INFOPLIST_KEY_UILaunchScreen_Generation = YES;
				INFOPLIST_KEY_UISupportedInterfaceOrientations_iPad = "UIInterfaceOrientationPortrait UIInterfaceOrientationPortraitUpsideDown UIInterfaceOrientationLandscapeLeft UIInterfaceOrientationLandscapeRight";
				INFOPLIST_KEY_UISupportedInterfaceOrientations_iPhone = "UIInterfaceOrientationPortrait UIInterfaceOrientationLandscapeLeft UIInterfaceOrientationLandscapeRight";
				IPHONEOS_DEPLOYMENT_TARGET = 16.3;
				LD_RUNPATH_SEARCH_PATHS = (
					"$(inherited)",
					"@executable_path/Frameworks",
				);
				MARKETING_VERSION = 1.0;
				OTHER_LDFLAGS = (
					"-lresolv",
					"-framework",
					CoreFoundation,
					"-framework",
					Foundation,
					"-framework",
					AVFoundation,
					"-framework",
					CoreMedia,
					"-framework",
					CoreVideo,
					"-framework",
					CoreAudio,
					"-framework",
					AudioToolbox,
					"-framework",
					OpenGLES,
					"-framework",
					AssetsLibrary,
					"-framework",
					QuartzCore,
					"-framework",
					AssetsLibrary,
					"-framework",
					Metal,
					"-framework",
					IOSurface,
					"$(inherited)",
				);
				PRODUCT_BUNDLE_IDENTIFIER = com.itonimanalytics.iosapps.GStreamerSwiftUIDemo;
				PRODUCT_NAME = "$(TARGET_NAME)";
				SWIFT_EMIT_LOC_STRINGS = YES;
				SWIFT_OBJC_BRIDGING_HEADER = "GStreamerSwiftUIDemo/GStreamerSwiftUIDemo-Bridging-Header.h";
				SWIFT_OPTIMIZATION_LEVEL = "-Onone";
				SWIFT_VERSION = 5.0;
				TARGETED_DEVICE_FAMILY = "1,2";
			};
			name = Debug;
		};
		0959600E2A407D3A00C0C1BC /* Release */ = {
			isa = XCBuildConfiguration;
			buildSettings = {
				ASSETCATALOG_COMPILER_APPICON_NAME = AppIcon;
				ASSETCATALOG_COMPILER_GLOBAL_ACCENT_COLOR_NAME = AccentColor;
				CLANG_ENABLE_MODULES = YES;
				CLANG_WARN_DOCUMENTATION_COMMENTS = NO;
				CODE_SIGN_STYLE = Automatic;
				CURRENT_PROJECT_VERSION = 1;
				DEVELOPMENT_ASSET_PATHS = "\"GStreamerSwiftUIDemo/Preview Content\"";
				DEVELOPMENT_TEAM = 58N3QYAX7K;
				ENABLE_PREVIEWS = YES;
				FRAMEWORK_SEARCH_PATHS = "${HOME}/Library/Developer/GStreamer/iPhone.sdk/";
				GENERATE_INFOPLIST_FILE = YES;
				HEADER_SEARCH_PATHS = "/Users/raktimbora/Library/Developer/GStreamer/iPhone.sdk/GStreamer.framework/Headers/**";
				INFOPLIST_KEY_UIApplicationSceneManifest_Generation = YES;
				INFOPLIST_KEY_UIApplicationSupportsIndirectInputEvents = YES;
				INFOPLIST_KEY_UILaunchScreen_Generation = YES;
				INFOPLIST_KEY_UISupportedInterfaceOrientations_iPad = "UIInterfaceOrientationPortrait UIInterfaceOrientationPortraitUpsideDown UIInterfaceOrientationLandscapeLeft UIInterfaceOrientationLandscapeRight";
				INFOPLIST_KEY_UISupportedInterfaceOrientations_iPhone = "UIInterfaceOrientationPortrait UIInterfaceOrientationLandscapeLeft UIInterfaceOrientationLandscapeRight";
				IPHONEOS_DEPLOYMENT_TARGET = 16.3;
				LD_RUNPATH_SEARCH_PATHS = (
					"$(inherited)",
					"@executable_path/Frameworks",
				);
				MARKETING_VERSION = 1.0;
				OTHER_LDFLAGS = (
					"-lresolv",
					"-framework",
					CoreFoundation,
					"-framework",
					Foundation,
					"-framework",
					AVFoundation,
					"-framework",
					CoreMedia,
					"-framework",
					CoreVideo,
					"-framework",
					CoreAudio,
					"-framework",
					AudioToolbox,
					"-framework",
					OpenGLES,
					"-framework",
					AssetsLibrary,
					"-framework",
					QuartzCore,
					"-framework",
					AssetsLibrary,
					"-framework",
					Metal,
					"-framework",
					IOSurface,
					"$(inherited)",
				);
				PRODUCT_BUNDLE_IDENTIFIER = com.itonimanalytics.iosapps.GStreamerSwiftUIDemo;
				PRODUCT_NAME = "$(TARGET_NAME)";
				SWIFT_EMIT_LOC_STRINGS = YES;
				SWIFT_OBJC_BRIDGING_HEADER = "GStreamerSwiftUIDemo/GStreamerSwiftUIDemo-Bridging-Header.h";
				SWIFT_VERSION = 5.0;
				TARGETED_DEVICE_FAMILY = "1,2";
			};
			name = Release;
		};
/* End XCBuildConfiguration section */

/* Begin XCConfigurationList section */
		09595FF92A407D3A00C0C1BC /* Build configuration list for PBXProject "GStreamerSwiftUIDemo" */ = {
			isa = XCConfigurationList;
			buildConfigurations = (
				0959600A2A407D3A00C0C1BC /* Debug */,
				0959600B2A407D3A00C0C1BC /* Release */,
			);
			defaultConfigurationIsVisible = 0;
			defaultConfigurationName = Release;
		};
		0959600C2A407D3A00C0C1BC /* Build configuration list for PBXNativeTarget "GStreamerSwiftUIDemo" */ = {
			isa = XCConfigurationList;
			buildConfigurations = (
				0959600D2A407D3A00C0C1BC /* Debug */,
				0959600E2A407D3A00C0C1BC /* Release */,
			);
			defaultConfigurationIsVisible = 0;
			defaultConfigurationName = Release;
		};
/* End XCConfigurationList section */
	};
	rootObject = 09595FF62A407D3A00C0C1BC /* Project object */;
}
